
Microsoft Visual Studio Solution File, Format Version 12.00
# Visual Studio Version 17
VisualStudioVersion = 17.7.34202.233
MinimumVisualStudioVersion = 10.0.40219.1
Project("{FAE04EC0-301F-11D3-BF4B-00C04F79EFBC}") = "multithreading_Try", "multithreading_Try\multithreading_Try.csproj", "{380458BF-BE3E-4316-AFBE-93103EF912A7}"
EndProject
Global
	GlobalSection(SolutionConfigurationPlatforms) = preSolution
		Debug|Any CPU = Debug|Any CPU
		Release|Any CPU = Release|Any CPU
	EndGlobalSection
	GlobalSection(ProjectConfigurationPlatforms) = postSolution
		{380458BF-BE3E-4316-AFBE-93103EF912A7}.Debug|Any CPU.ActiveCfg = Debug|Any CPU
		{380458BF-BE3E-4316-AFBE-93103EF912A7}.Debug|Any CPU.Build.0 = Debug|Any CPU
		{380458BF-BE3E-4316-AFBE-93103EF912A7}.Release|Any CPU.ActiveCfg = Release|Any CPU
		{380458BF-BE3E-4316-AFBE-93103EF912A7}.Release|Any CPU.Build.0 = Release|Any CPU
	EndGlobalSection
	GlobalSection(SolutionProperties) = preSolution
		HideSolutionNode = FALSE
	EndGlobalSection
	GlobalSection(ExtensibilityGlobals) = postSolution
		SolutionGuid = {380BFEEC-FB90-4290-8E61-2E66A3CC11E3}
	EndGlobalSection
EndGlobal
